
Microsoft Visual Studio Solution File, Format Version 12.00
# Visual Studio Version 16
VisualStudioVersion = 16.0.30717.126
MinimumVisualStudioVersion = 10.0.40219.1
Project("{FAE04EC0-301F-11D3-BF4B-00C04F79EFBC}") = "Challenge Week 15", "Challenge Week 15\Challenge Week 15.csproj", "{B3E3E56E-7D75-445F-BE89-EA0CD528FE60}"
EndProject
Global
	GlobalSection(SolutionConfigurationPlatforms) = preSolution
		Debug|Any CPU = Debug|Any CPU
		Release|Any CPU = Release|Any CPU
	EndGlobalSection
	GlobalSection(ProjectConfigurationPlatforms) = postSolution
		{B3E3E56E-7D75-445F-BE89-EA0CD528FE60}.Debug|Any CPU.ActiveCfg = Debug|Any CPU
		{B3E3E56E-7D75-445F-BE89-EA0CD528FE60}.Debug|Any CPU.Build.0 = Debug|Any CPU
		{B3E3E56E-7D75-445F-BE89-EA0CD528FE60}.Release|Any CPU.ActiveCfg = Release|Any CPU
		{B3E3E56E-7D75-445F-BE89-EA0CD528FE60}.Release|Any CPU.Build.0 = Release|Any CPU
	EndGlobalSection
	GlobalSection(SolutionProperties) = preSolution
		HideSolutionNode = FALSE
	EndGlobalSection
	GlobalSection(ExtensibilityGlobals) = postSolution
		SolutionGuid = {7E6B0FFE-A0E0-49C8-B102-CB2A9AAB0C08}
	EndGlobalSection
EndGlobal
